
Microsoft Visual Studio Solution File, Format Version 12.00
# Visual Studio Version 16
VisualStudioVersion = 16.0.29926.136
MinimumVisualStudioVersion = 10.0.40219.1
Project("{FAE04EC0-301F-11D3-BF4B-00C04F79EFBC}") = "HelloWorld", "HelloWorld.csproj", "{66F40264-704C-4B01-AE8E-41620D47650E}"
EndProject
Global
	GlobalSection(SolutionConfigurationPlatforms) = preSolution
		Debug|Any CPU = Debug|Any CPU
		Release|Any CPU = Release|Any CPU
	EndGlobalSection
	GlobalSection(ProjectConfigurationPlatforms) = postSolution
		{66F40264-704C-4B01-AE8E-41620D47650E}.Debug|Any CPU.ActiveCfg = Debug|Any CPU
		{66F40264-704C-4B01-AE8E-41620D47650E}.Debug|Any CPU.Build.0 = Debug|Any CPU
		{66F40264-704C-4B01-AE8E-41620D47650E}.Release|Any CPU.ActiveCfg = Release|Any CPU
		{66F40264-704C-4B01-AE8E-41620D47650E}.Release|Any CPU.Build.0 = Release|Any CPU
	EndGlobalSection
	GlobalSection(SolutionProperties) = preSolution
		HideSolutionNode = FALSE
	EndGlobalSection
	GlobalSection(ExtensibilityGlobals) = postSolution
		SolutionGuid = {5E250B26-922A-41E7-81CD-10F32FE30EF1}
	EndGlobalSection
EndGlobal
